
Microsoft Visual Studio Solution File, Format Version 12.00
# Visual Studio 2013
VisualStudioVersion = 12.0.31101.0
MinimumVisualStudioVersion = 10.0.40219.1
Project("{FAE04EC0-301F-11D3-BF4B-00C04F79EFBC}") = "Platform.Layer", "Platform.Layer\Platform.Layer.csproj", "{2AC090B5-89ED-455F-8661-7B25F9FBEC66}"
EndProject
Project("{FAE04EC0-301F-11D3-BF4B-00C04F79EFBC}") = "Platform.Service.Contracts", "Platform.Service.Contracts\Platform.Service.Contracts.csproj", "{6430DC14-1159-456A-9B96-12897749C7AE}"
EndProject
Project("{FAE04EC0-301F-11D3-BF4B-00C04F79EFBC}") = "Platform.Service.Implement", "Platform.Service.Implement\Platform.Service.Implement.csproj", "{8252E381-9688-485E-AA93-5255C8367805}"
EndProject
Project("{FAE04EC0-301F-11D3-BF4B-00C04F79EFBC}") = "Platform.Model", "Platform.Model\Platform.Model.csproj", "{AC8D5D95-21F8-4DEF-9969-CB4753B3F872}"
EndProject
Project("{FAE04EC0-301F-11D3-BF4B-00C04F79EFBC}") = "Logger", "Logger\Logger.csproj", "{D959E04D-461D-4229-9B44-81845CAFD21B}"
EndProject
Project("{FAE04EC0-301F-11D3-BF4B-00C04F79EFBC}") = "Platform.ServiceHost", "Platform.ServiceHost\Platform.ServiceHost.csproj", "{AF3AFF62-CE75-43CF-A543-EC62055C24EE}"
EndProject
Project("{FAE04EC0-301F-11D3-BF4B-00C04F79EFBC}") = "UnitTestProject", "UnitTestProject\UnitTestProject.csproj", "{613FE1BB-85A1-4126-97A1-FD8F996224D0}"
EndProject
Global
	GlobalSection(SolutionConfigurationPlatforms) = preSolution
		Debug|Any CPU = Debug|Any CPU
		Release|Any CPU = Release|Any CPU
	EndGlobalSection
	GlobalSection(ProjectConfigurationPlatforms) = postSolution
		{2AC090B5-89ED-455F-8661-7B25F9FBEC66}.Debug|Any CPU.ActiveCfg = Debug|Any CPU
		{2AC090B5-89ED-455F-8661-7B25F9FBEC66}.Debug|Any CPU.Build.0 = Debug|Any CPU
		{2AC090B5-89ED-455F-8661-7B25F9FBEC66}.Release|Any CPU.ActiveCfg = Release|Any CPU
		{2AC090B5-89ED-455F-8661-7B25F9FBEC66}.Release|Any CPU.Build.0 = Release|Any CPU
		{6430DC14-1159-456A-9B96-12897749C7AE}.Debug|Any CPU.ActiveCfg = Debug|Any CPU
		{6430DC14-1159-456A-9B96-12897749C7AE}.Debug|Any CPU.Build.0 = Debug|Any CPU
		{6430DC14-1159-456A-9B96-12897749C7AE}.Release|Any CPU.ActiveCfg = Release|Any CPU
		{6430DC14-1159-456A-9B96-12897749C7AE}.Release|Any CPU.Build.0 = Release|Any CPU
		{8252E381-9688-485E-AA93-5255C8367805}.Debug|Any CPU.ActiveCfg = Debug|Any CPU
		{8252E381-9688-485E-AA93-5255C8367805}.Debug|Any CPU.Build.0 = Debug|Any CPU
		{8252E381-9688-485E-AA93-5255C8367805}.Release|Any CPU.ActiveCfg = Release|Any CPU
		{8252E381-9688-485E-AA93-5255C8367805}.Release|Any CPU.Build.0 = Release|Any CPU
		{AC8D5D95-21F8-4DEF-9969-CB4753B3F872}.Debug|Any CPU.ActiveCfg = Debug|Any CPU
		{AC8D5D95-21F8-4DEF-9969-CB4753B3F872}.Debug|Any CPU.Build.0 = Debug|Any CPU
		{AC8D5D95-21F8-4DEF-9969-CB4753B3F872}.Release|Any CPU.ActiveCfg = Release|Any CPU
		{AC8D5D95-21F8-4DEF-9969-CB4753B3F872}.Release|Any CPU.Build.0 = Release|Any CPU
		{D959E04D-461D-4229-9B44-81845CAFD21B}.Debug|Any CPU.ActiveCfg = Debug|Any CPU
		{D959E04D-461D-4229-9B44-81845CAFD21B}.Debug|Any CPU.Build.0 = Debug|Any CPU
		{D959E04D-461D-4229-9B44-81845CAFD21B}.Release|Any CPU.ActiveCfg = Release|Any CPU
		{D959E04D-461D-4229-9B44-81845CAFD21B}.Release|Any CPU.Build.0 = Release|Any CPU
		{AF3AFF62-CE75-43CF-A543-EC62055C24EE}.Debug|Any CPU.ActiveCfg = Debug|Any CPU
		{AF3AFF62-CE75-43CF-A543-EC62055C24EE}.Debug|Any CPU.Build.0 = Debug|Any CPU
		{AF3AFF62-CE75-43CF-A543-EC62055C24EE}.Release|Any CPU.ActiveCfg = Release|Any CPU
		{AF3AFF62-CE75-43CF-A543-EC62055C24EE}.Release|Any CPU.Build.0 = Release|Any CPU
		{613FE1BB-85A1-4126-97A1-FD8F996224D0}.Debug|Any CPU.ActiveCfg = Debug|Any CPU
		{613FE1BB-85A1-4126-97A1-FD8F996224D0}.Debug|Any CPU.Build.0 = Debug|Any CPU
		{613FE1BB-85A1-4126-97A1-FD8F996224D0}.Release|Any CPU.ActiveCfg = Release|Any CPU
		{613FE1BB-85A1-4126-97A1-FD8F996224D0}.Release|Any CPU.Build.0 = Release|Any CPU
	EndGlobalSection
	GlobalSection(SolutionProperties) = preSolution
		HideSolutionNode = FALSE
	EndGlobalSection
EndGlobal
